
Microsoft Visual Studio Solution File, Format Version 12.00
# Visual Studio Version 16
VisualStudioVersion = 16.0.31112.23
MinimumVisualStudioVersion = 10.0.40219.1
Project("{9A19103F-16F7-4668-BE54-9A1E7A4F7556}") = "DoxmandBackend", "DoxmandBackend.csproj", "{8EED2CAF-3E20-4F1F-9A56-413CE7E7CF39}"
EndProject
Global
	GlobalSection(SolutionConfigurationPlatforms) = preSolution
		Debug|Any CPU = Debug|Any CPU
		Release|Any CPU = Release|Any CPU
	EndGlobalSection
	GlobalSection(ProjectConfigurationPlatforms) = postSolution
		{8EED2CAF-3E20-4F1F-9A56-413CE7E7CF39}.Debug|Any CPU.ActiveCfg = Debug|Any CPU
		{8EED2CAF-3E20-4F1F-9A56-413CE7E7CF39}.Debug|Any CPU.Build.0 = Debug|Any CPU
		{8EED2CAF-3E20-4F1F-9A56-413CE7E7CF39}.Release|Any CPU.ActiveCfg = Release|Any CPU
		{8EED2CAF-3E20-4F1F-9A56-413CE7E7CF39}.Release|Any CPU.Build.0 = Release|Any CPU
	EndGlobalSection
	GlobalSection(SolutionProperties) = preSolution
		HideSolutionNode = FALSE
	EndGlobalSection
	GlobalSection(ExtensibilityGlobals) = postSolution
		SolutionGuid = {5ECB5EE7-6EB0-4E83-AF24-60B8DC8D1C74}
	EndGlobalSection
EndGlobal
